// !$*UTF8*$!
{
	archiveVersion = 1;
	classes = {
	};
	objectVersion = 51;
	objects = {

/* Begin PBXBuildFile section */
		37FD98940D01449D3B5805A4 /* Pods_WeatherTraining.framework in Frameworks */ = {isa = PBXBuildFile; fileRef = 8C5015413E08AB08281659C6 /* Pods_WeatherTraining.framework */; };
		80787079269C757E008523BB /* AppDelegate.swift in Sources */ = {isa = PBXBuildFile; fileRef = 80787078269C757E008523BB /* AppDelegate.swift */; };
		8078707B269C757E008523BB /* SceneDelegate.swift in Sources */ = {isa = PBXBuildFile; fileRef = 8078707A269C757E008523BB /* SceneDelegate.swift */; };
		80787080269C757E008523BB /* Main.storyboard in Resources */ = {isa = PBXBuildFile; fileRef = 8078707E269C757E008523BB /* Main.storyboard */; };
		80787082269C7580008523BB /* Assets.xcassets in Resources */ = {isa = PBXBuildFile; fileRef = 80787081269C7580008523BB /* Assets.xcassets */; };
		80787085269C7580008523BB /* LaunchScreen.storyboard in Resources */ = {isa = PBXBuildFile; fileRef = 80787083269C7580008523BB /* LaunchScreen.storyboard */; };
		80787090269C7580008523BB /* WeatherTrainingTests.swift in Sources */ = {isa = PBXBuildFile; fileRef = 8078708F269C7580008523BB /* WeatherTrainingTests.swift */; };
		8078709B269C7580008523BB /* WeatherTrainingUITests.swift in Sources */ = {isa = PBXBuildFile; fileRef = 8078709A269C7580008523BB /* WeatherTrainingUITests.swift */; };
		807870AA269C8DE2008523BB /* ApiManager.swift in Sources */ = {isa = PBXBuildFile; fileRef = 807870A9269C8DE2008523BB /* ApiManager.swift */; };
		80E73A9A26A58326007A8FFF /* CityTableViewCell.xib in Resources */ = {isa = PBXBuildFile; fileRef = 80E73A9926A58326007A8FFF /* CityTableViewCell.xib */; };
		80E73A9C26A5A52B007A8FFF /* CityTableViewCell.swift in Sources */ = {isa = PBXBuildFile; fileRef = 80E73A9B26A5A52B007A8FFF /* CityTableViewCell.swift */; };
		80E73A9F26A5AA9D007A8FFF /* City.swift in Sources */ = {isa = PBXBuildFile; fileRef = 80E73A9E26A5AA9D007A8FFF /* City.swift */; };
		80E73AAA26A5B802007A8FFF /* Date+Extension.swift in Sources */ = {isa = PBXBuildFile; fileRef = 80E73AA926A5B802007A8FFF /* Date+Extension.swift */; };
		80E73AAD26A5C1ED007A8FFF /* WeatherPreview.swift in Sources */ = {isa = PBXBuildFile; fileRef = 80E73AAC26A5C1ED007A8FFF /* WeatherPreview.swift */; };
		80E73AB226A5C84D007A8FFF /* CitiesViewController.swift in Sources */ = {isa = PBXBuildFile; fileRef = 80E73AB126A5C84D007A8FFF /* CitiesViewController.swift */; };
		80E73ABC26A6D557007A8FFF /* CitiesTableViewFooter.xib in Resources */ = {isa = PBXBuildFile; fileRef = 80E73ABB26A6D557007A8FFF /* CitiesTableViewFooter.xib */; };
		80E73ABE26A6EB0D007A8FFF /* CitiesTableViewFooter.swift in Sources */ = {isa = PBXBuildFile; fileRef = 80E73ABD26A6EB0D007A8FFF /* CitiesTableViewFooter.swift */; };
		80E73AC226A6F45F007A8FFF /* UIView+Extension.swift in Sources */ = {isa = PBXBuildFile; fileRef = 80E73AC126A6F45F007A8FFF /* UIView+Extension.swift */; };
		80E73AC626A815F0007A8FFF /* SearchViewController.swift in Sources */ = {isa = PBXBuildFile; fileRef = 80E73AC526A815F0007A8FFF /* SearchViewController.swift */; };
		80E73AC826A825CC007A8FFF /* SearchTableViewCell.xib in Resources */ = {isa = PBXBuildFile; fileRef = 80E73AC726A825CC007A8FFF /* SearchTableViewCell.xib */; };
		80E73ACB26A825FA007A8FFF /* SearchTableVieCell.swift in Sources */ = {isa = PBXBuildFile; fileRef = 80E73ACA26A825FA007A8FFF /* SearchTableVieCell.swift */; };
		80E73ACF26A9658F007A8FFF /* UserDefaults+Extension.swift in Sources */ = {isa = PBXBuildFile; fileRef = 80E73ACE26A9658F007A8FFF /* UserDefaults+Extension.swift */; };
		80E73AD126A96A7D007A8FFF /* CitiesManager.swift in Sources */ = {isa = PBXBuildFile; fileRef = 80E73AD026A96A7D007A8FFF /* CitiesManager.swift */; };
		80E73AD326A96B7F007A8FFF /* UserDefaultsManager.swift in Sources */ = {isa = PBXBuildFile; fileRef = 80E73AD226A96B7F007A8FFF /* UserDefaultsManager.swift */; };
		80E73AD926A97765007A8FFF /* Detailed.storyboard in Resources */ = {isa = PBXBuildFile; fileRef = 80E73AD826A97765007A8FFF /* Detailed.storyboard */; };
		80E73ADD26A977C1007A8FFF /* DetailedForecastContainerViewController.swift in Sources */ = {isa = PBXBuildFile; fileRef = 80E73ADC26A977C1007A8FFF /* DetailedForecastContainerViewController.swift */; };
		80E73ADF26A97805007A8FFF /* DetailedForecastViewController.swift in Sources */ = {isa = PBXBuildFile; fileRef = 80E73ADE26A97805007A8FFF /* DetailedForecastViewController.swift */; };
		80E73AE626AABDFF007A8FFF /* CurrentDayCollectionViewCell.xib in Resources */ = {isa = PBXBuildFile; fileRef = 80E73AE526AABDFF007A8FFF /* CurrentDayCollectionViewCell.xib */; };
		80E73AE826AABF47007A8FFF /* CurrentDayCollectionViewCell.swift in Sources */ = {isa = PBXBuildFile; fileRef = 80E73AE726AABF47007A8FFF /* CurrentDayCollectionViewCell.swift */; };
		80E73AEA26AB0212007A8FFF /* NextDayTableViewCell.xib in Resources */ = {isa = PBXBuildFile; fileRef = 80E73AE926AB0212007A8FFF /* NextDayTableViewCell.xib */; };
		80E73AEC26AB0963007A8FFF /* NextDayTableViewCell.swift in Sources */ = {isa = PBXBuildFile; fileRef = 80E73AEB26AB0963007A8FFF /* NextDayTableViewCell.swift */; };
/* End PBXBuildFile section */

/* Begin PBXContainerItemProxy section */
		8078708C269C7580008523BB /* PBXContainerItemProxy */ = {
			isa = PBXContainerItemProxy;
			containerPortal = 8078706D269C757E008523BB /* Project object */;
			proxyType = 1;
			remoteGlobalIDString = 80787074269C757E008523BB;
			remoteInfo = WeatherTraining;
		};
		80787097269C7580008523BB /* PBXContainerItemProxy */ = {
			isa = PBXContainerItemProxy;
			containerPortal = 8078706D269C757E008523BB /* Project object */;
			proxyType = 1;
			remoteGlobalIDString = 80787074269C757E008523BB;
			remoteInfo = WeatherTraining;
		};
/* End PBXContainerItemProxy section */

/* Begin PBXFileReference section */
		027425898A5A70CD5878999C /* Pods-WeatherTraining.release.xcconfig */ = {isa = PBXFileReference; includeInIndex = 1; lastKnownFileType = text.xcconfig; name = "Pods-WeatherTraining.release.xcconfig"; path = "Target Support Files/Pods-WeatherTraining/Pods-WeatherTraining.release.xcconfig"; sourceTree = "<group>"; };
		0A43BC20900C09655FA9C5AE /* Pods-WeatherTraining.debug.xcconfig */ = {isa = PBXFileReference; includeInIndex = 1; lastKnownFileType = text.xcconfig; name = "Pods-WeatherTraining.debug.xcconfig"; path = "Target Support Files/Pods-WeatherTraining/Pods-WeatherTraining.debug.xcconfig"; sourceTree = "<group>"; };
		80787075269C757E008523BB /* WeatherTraining.app */ = {isa = PBXFileReference; explicitFileType = wrapper.application; includeInIndex = 0; path = WeatherTraining.app; sourceTree = BUILT_PRODUCTS_DIR; };
		80787078269C757E008523BB /* AppDelegate.swift */ = {isa = PBXFileReference; lastKnownFileType = sourcecode.swift; path = AppDelegate.swift; sourceTree = "<group>"; };
		8078707A269C757E008523BB /* SceneDelegate.swift */ = {isa = PBXFileReference; lastKnownFileType = sourcecode.swift; path = SceneDelegate.swift; sourceTree = "<group>"; };
		8078707F269C757E008523BB /* Base */ = {isa = PBXFileReference; lastKnownFileType = file.storyboard; name = Base; path = Base.lproj/Main.storyboard; sourceTree = "<group>"; };
		80787081269C7580008523BB /* Assets.xcassets */ = {isa = PBXFileReference; lastKnownFileType = folder.assetcatalog; path = Assets.xcassets; sourceTree = "<group>"; };
		80787084269C7580008523BB /* Base */ = {isa = PBXFileReference; lastKnownFileType = file.storyboard; name = Base; path = Base.lproj/LaunchScreen.storyboard; sourceTree = "<group>"; };
		80787086269C7580008523BB /* Info.plist */ = {isa = PBXFileReference; lastKnownFileType = text.plist.xml; path = Info.plist; sourceTree = "<group>"; };
		8078708B269C7580008523BB /* WeatherTrainingTests.xctest */ = {isa = PBXFileReference; explicitFileType = wrapper.cfbundle; includeInIndex = 0; path = WeatherTrainingTests.xctest; sourceTree = BUILT_PRODUCTS_DIR; };
		8078708F269C7580008523BB /* WeatherTrainingTests.swift */ = {isa = PBXFileReference; lastKnownFileType = sourcecode.swift; path = WeatherTrainingTests.swift; sourceTree = "<group>"; };
		80787091269C7580008523BB /* Info.plist */ = {isa = PBXFileReference; lastKnownFileType = text.plist.xml; path = Info.plist; sourceTree = "<group>"; };
		80787096269C7580008523BB /* WeatherTrainingUITests.xctest */ = {isa = PBXFileReference; explicitFileType = wrapper.cfbundle; includeInIndex = 0; path = WeatherTrainingUITests.xctest; sourceTree = BUILT_PRODUCTS_DIR; };
		8078709A269C7580008523BB /* WeatherTrainingUITests.swift */ = {isa = PBXFileReference; lastKnownFileType = sourcecode.swift; path = WeatherTrainingUITests.swift; sourceTree = "<group>"; };
		8078709C269C7580008523BB /* Info.plist */ = {isa = PBXFileReference; lastKnownFileType = text.plist.xml; path = Info.plist; sourceTree = "<group>"; };
		807870A9269C8DE2008523BB /* ApiManager.swift */ = {isa = PBXFileReference; lastKnownFileType = sourcecode.swift; path = ApiManager.swift; sourceTree = "<group>"; };
		80E73A9926A58326007A8FFF /* CityTableViewCell.xib */ = {isa = PBXFileReference; lastKnownFileType = file.xib; path = CityTableViewCell.xib; sourceTree = "<group>"; };
		80E73A9B26A5A52B007A8FFF /* CityTableViewCell.swift */ = {isa = PBXFileReference; lastKnownFileType = sourcecode.swift; path = CityTableViewCell.swift; sourceTree = "<group>"; };
		80E73A9E26A5AA9D007A8FFF /* City.swift */ = {isa = PBXFileReference; lastKnownFileType = sourcecode.swift; path = City.swift; sourceTree = "<group>"; };
		80E73AA926A5B802007A8FFF /* Date+Extension.swift */ = {isa = PBXFileReference; lastKnownFileType = sourcecode.swift; path = "Date+Extension.swift"; sourceTree = "<group>"; };
		80E73AAC26A5C1ED007A8FFF /* WeatherPreview.swift */ = {isa = PBXFileReference; lastKnownFileType = sourcecode.swift; path = WeatherPreview.swift; sourceTree = "<group>"; };
		80E73AB126A5C84D007A8FFF /* CitiesViewController.swift */ = {isa = PBXFileReference; lastKnownFileType = sourcecode.swift; path = CitiesViewController.swift; sourceTree = "<group>"; };
		80E73ABB26A6D557007A8FFF /* CitiesTableViewFooter.xib */ = {isa = PBXFileReference; lastKnownFileType = file.xib; path = CitiesTableViewFooter.xib; sourceTree = "<group>"; };
		80E73ABD26A6EB0D007A8FFF /* CitiesTableViewFooter.swift */ = {isa = PBXFileReference; lastKnownFileType = sourcecode.swift; path = CitiesTableViewFooter.swift; sourceTree = "<group>"; };
		80E73AC126A6F45F007A8FFF /* UIView+Extension.swift */ = {isa = PBXFileReference; lastKnownFileType = sourcecode.swift; path = "UIView+Extension.swift"; sourceTree = "<group>"; };
		80E73AC526A815F0007A8FFF /* SearchViewController.swift */ = {isa = PBXFileReference; lastKnownFileType = sourcecode.swift; path = SearchViewController.swift; sourceTree = "<group>"; };
		80E73AC726A825CC007A8FFF /* SearchTableViewCell.xib */ = {isa = PBXFileReference; lastKnownFileType = file.xib; path = SearchTableViewCell.xib; sourceTree = "<group>"; };
		80E73ACA26A825FA007A8FFF /* SearchTableVieCell.swift */ = {isa = PBXFileReference; lastKnownFileType = sourcecode.swift; path = SearchTableVieCell.swift; sourceTree = "<group>"; };
		80E73ACE26A9658F007A8FFF /* UserDefaults+Extension.swift */ = {isa = PBXFileReference; lastKnownFileType = sourcecode.swift; path = "UserDefaults+Extension.swift"; sourceTree = "<group>"; };
		80E73AD026A96A7D007A8FFF /* CitiesManager.swift */ = {isa = PBXFileReference; lastKnownFileType = sourcecode.swift; path = CitiesManager.swift; sourceTree = "<group>"; };
		80E73AD226A96B7F007A8FFF /* UserDefaultsManager.swift */ = {isa = PBXFileReference; lastKnownFileType = sourcecode.swift; path = UserDefaultsManager.swift; sourceTree = "<group>"; };
		80E73AD826A97765007A8FFF /* Detailed.storyboard */ = {isa = PBXFileReference; lastKnownFileType = file.storyboard; path = Detailed.storyboard; sourceTree = "<group>"; };
		80E73ADC26A977C1007A8FFF /* DetailedForecastContainerViewController.swift */ = {isa = PBXFileReference; lastKnownFileType = sourcecode.swift; path = DetailedForecastContainerViewController.swift; sourceTree = "<group>"; };
		80E73ADE26A97805007A8FFF /* DetailedForecastViewController.swift */ = {isa = PBXFileReference; lastKnownFileType = sourcecode.swift; path = DetailedForecastViewController.swift; sourceTree = "<group>"; };
		80E73AE526AABDFF007A8FFF /* CurrentDayCollectionViewCell.xib */ = {isa = PBXFileReference; lastKnownFileType = file.xib; path = CurrentDayCollectionViewCell.xib; sourceTree = "<group>"; };
		80E73AE726AABF47007A8FFF /* CurrentDayCollectionViewCell.swift */ = {isa = PBXFileReference; lastKnownFileType = sourcecode.swift; path = CurrentDayCollectionViewCell.swift; sourceTree = "<group>"; };
		80E73AE926AB0212007A8FFF /* NextDayTableViewCell.xib */ = {isa = PBXFileReference; lastKnownFileType = file.xib; path = NextDayTableViewCell.xib; sourceTree = "<group>"; };
		80E73AEB26AB0963007A8FFF /* NextDayTableViewCell.swift */ = {isa = PBXFileReference; lastKnownFileType = sourcecode.swift; path = NextDayTableViewCell.swift; sourceTree = "<group>"; };
		8C5015413E08AB08281659C6 /* Pods_WeatherTraining.framework */ = {isa = PBXFileReference; explicitFileType = wrapper.framework; includeInIndex = 0; path = Pods_WeatherTraining.framework; sourceTree = BUILT_PRODUCTS_DIR; };
/* End PBXFileReference section */

/* Begin PBXFrameworksBuildPhase section */
		80787072269C757E008523BB /* Frameworks */ = {
			isa = PBXFrameworksBuildPhase;
			buildActionMask = 2147483647;
			files = (
				37FD98940D01449D3B5805A4 /* Pods_WeatherTraining.framework in Frameworks */,
			);
			runOnlyForDeploymentPostprocessing = 0;
		};
		80787088269C7580008523BB /* Frameworks */ = {
			isa = PBXFrameworksBuildPhase;
			buildActionMask = 2147483647;
			files = (
			);
			runOnlyForDeploymentPostprocessing = 0;
		};
		80787093269C7580008523BB /* Frameworks */ = {
			isa = PBXFrameworksBuildPhase;
			buildActionMask = 2147483647;
			files = (
			);
			runOnlyForDeploymentPostprocessing = 0;
		};
/* End PBXFrameworksBuildPhase section */

/* Begin PBXGroup section */
		47571FC3B2ACE847F460BA6F /* Pods */ = {
			isa = PBXGroup;
			children = (
				0A43BC20900C09655FA9C5AE /* Pods-WeatherTraining.debug.xcconfig */,
				027425898A5A70CD5878999C /* Pods-WeatherTraining.release.xcconfig */,
			);
			path = Pods;
			sourceTree = "<group>";
		};
		8078706C269C757E008523BB = {
			isa = PBXGroup;
			children = (
				80787077269C757E008523BB /* WeatherTraining */,
				8078708E269C7580008523BB /* WeatherTrainingTests */,
				80787099269C7580008523BB /* WeatherTrainingUITests */,
				80787076269C757E008523BB /* Products */,
				47571FC3B2ACE847F460BA6F /* Pods */,
				FC4E2E734AF93E657FA6324F /* Frameworks */,
			);
			sourceTree = "<group>";
		};
		80787076269C757E008523BB /* Products */ = {
			isa = PBXGroup;
			children = (
				80787075269C757E008523BB /* WeatherTraining.app */,
				8078708B269C7580008523BB /* WeatherTrainingTests.xctest */,
				80787096269C7580008523BB /* WeatherTrainingUITests.xctest */,
			);
			name = Products;
			sourceTree = "<group>";
		};
		80787077269C757E008523BB /* WeatherTraining */ = {
			isa = PBXGroup;
			children = (
				80E73AD426A971F3007A8FFF /* Managers */,
				80E73A9526A581C0007A8FFF /* Views */,
				807870AB269C91B5008523BB /* Extensions */,
				807870A8269C8BE6008523BB /* API */,
				80787078269C757E008523BB /* AppDelegate.swift */,
				8078707A269C757E008523BB /* SceneDelegate.swift */,
				80787081269C7580008523BB /* Assets.xcassets */,
				80787083269C7580008523BB /* LaunchScreen.storyboard */,
				80787086269C7580008523BB /* Info.plist */,
			);
			path = WeatherTraining;
			sourceTree = "<group>";
		};
		8078708E269C7580008523BB /* WeatherTrainingTests */ = {
			isa = PBXGroup;
			children = (
				8078708F269C7580008523BB /* WeatherTrainingTests.swift */,
				80787091269C7580008523BB /* Info.plist */,
			);
			path = WeatherTrainingTests;
			sourceTree = "<group>";
		};
		80787099269C7580008523BB /* WeatherTrainingUITests */ = {
			isa = PBXGroup;
			children = (
				8078709A269C7580008523BB /* WeatherTrainingUITests.swift */,
				8078709C269C7580008523BB /* Info.plist */,
			);
			path = WeatherTrainingUITests;
			sourceTree = "<group>";
		};
		807870A8269C8BE6008523BB /* API */ = {
			isa = PBXGroup;
			children = (
				80E73A9D26A5AA8B007A8FFF /* Models */,
				807870A9269C8DE2008523BB /* ApiManager.swift */,
			);
			path = API;
			sourceTree = "<group>";
		};
		807870AB269C91B5008523BB /* Extensions */ = {
			isa = PBXGroup;
			children = (
				80E73AA926A5B802007A8FFF /* Date+Extension.swift */,
				80E73AC126A6F45F007A8FFF /* UIView+Extension.swift */,
				80E73ACE26A9658F007A8FFF /* UserDefaults+Extension.swift */,
			);
			path = Extensions;
			sourceTree = "<group>";
		};
		80E73A9526A581C0007A8FFF /* Views */ = {
			isa = PBXGroup;
			children = (
				8078707E269C757E008523BB /* Main.storyboard */,
				80E73AD526A9737F007A8FFF /* Detailed */,
				80E73AC426A815C3007A8FFF /* Search */,
				80E73AC326A815A0007A8FFF /* CitiesList */,
			);
			path = Views;
			sourceTree = "<group>";
		};
		80E73A9626A581F3007A8FFF /* Cells */ = {
			isa = PBXGroup;
			children = (
				80E73A9926A58326007A8FFF /* CityTableViewCell.xib */,
				80E73A9B26A5A52B007A8FFF /* CityTableViewCell.swift */,
			);
			path = Cells;
			sourceTree = "<group>";
		};
		80E73A9D26A5AA8B007A8FFF /* Models */ = {
			isa = PBXGroup;
			children = (
				80E73A9E26A5AA9D007A8FFF /* City.swift */,
				80E73AAC26A5C1ED007A8FFF /* WeatherPreview.swift */,
			);
			path = Models;
			sourceTree = "<group>";
		};
		80E73AC326A815A0007A8FFF /* CitiesList */ = {
			isa = PBXGroup;
			children = (
				80E73A9626A581F3007A8FFF /* Cells */,
				80E73AB126A5C84D007A8FFF /* CitiesViewController.swift */,
				80E73ABB26A6D557007A8FFF /* CitiesTableViewFooter.xib */,
				80E73ABD26A6EB0D007A8FFF /* CitiesTableViewFooter.swift */,
			);
			path = CitiesList;
			sourceTree = "<group>";
		};
		80E73AC426A815C3007A8FFF /* Search */ = {
			isa = PBXGroup;
			children = (
				80E73AC926A825E4007A8FFF /* Cells */,
				80E73AC526A815F0007A8FFF /* SearchViewController.swift */,
			);
			path = Search;
			sourceTree = "<group>";
		};
		80E73AC926A825E4007A8FFF /* Cells */ = {
			isa = PBXGroup;
			children = (
				80E73AC726A825CC007A8FFF /* SearchTableViewCell.xib */,
				80E73ACA26A825FA007A8FFF /* SearchTableVieCell.swift */,
			);
			path = Cells;
			sourceTree = "<group>";
		};
		80E73AD426A971F3007A8FFF /* Managers */ = {
			isa = PBXGroup;
			children = (
				80E73AD026A96A7D007A8FFF /* CitiesManager.swift */,
				80E73AD226A96B7F007A8FFF /* UserDefaultsManager.swift */,
			);
			path = Managers;
			sourceTree = "<group>";
		};
		80E73AD526A9737F007A8FFF /* Detailed */ = {
			isa = PBXGroup;
			children = (
				80E73AE426AABDD1007A8FFF /* Cells */,
				80E73AD826A97765007A8FFF /* Detailed.storyboard */,
				80E73ADC26A977C1007A8FFF /* DetailedForecastContainerViewController.swift */,
				80E73ADE26A97805007A8FFF /* DetailedForecastViewController.swift */,
			);
			path = Detailed;
			sourceTree = "<group>";
		};
		80E73AE426AABDD1007A8FFF /* Cells */ = {
			isa = PBXGroup;
			children = (
				80E73AE526AABDFF007A8FFF /* CurrentDayCollectionViewCell.xib */,
				80E73AE726AABF47007A8FFF /* CurrentDayCollectionViewCell.swift */,
				80E73AE926AB0212007A8FFF /* NextDayTableViewCell.xib */,
				80E73AEB26AB0963007A8FFF /* NextDayTableViewCell.swift */,
			);
			path = Cells;
			sourceTree = "<group>";
		};
		FC4E2E734AF93E657FA6324F /* Frameworks */ = {
			isa = PBXGroup;
			children = (
				8C5015413E08AB08281659C6 /* Pods_WeatherTraining.framework */,
			);
			name = Frameworks;
			sourceTree = "<group>";
		};
/* End PBXGroup section */

/* Begin PBXNativeTarget section */
		80787074269C757E008523BB /* WeatherTraining */ = {
			isa = PBXNativeTarget;
			buildConfigurationList = 8078709F269C7580008523BB /* Build configuration list for PBXNativeTarget "WeatherTraining" */;
			buildPhases = (
				E28516FE1C258035EE757B7D /* [CP] Check Pods Manifest.lock */,
				80787071269C757E008523BB /* Sources */,
				80787072269C757E008523BB /* Frameworks */,
				80787073269C757E008523BB /* Resources */,
				93F00827224250258D3B2112 /* [CP] Embed Pods Frameworks */,
			);
			buildRules = (
			);
			dependencies = (
			);
			name = WeatherTraining;
			productName = WeatherTraining;
			productReference = 80787075269C757E008523BB /* WeatherTraining.app */;
			productType = "com.apple.product-type.application";
		};
		8078708A269C7580008523BB /* WeatherTrainingTests */ = {
			isa = PBXNativeTarget;
			buildConfigurationList = 807870A2269C7580008523BB /* Build configuration list for PBXNativeTarget "WeatherTrainingTests" */;
			buildPhases = (
				80787087269C7580008523BB /* Sources */,
				80787088269C7580008523BB /* Frameworks */,
				80787089269C7580008523BB /* Resources */,
			);
			buildRules = (
			);
			dependencies = (
				8078708D269C7580008523BB /* PBXTargetDependency */,
			);
			name = WeatherTrainingTests;
			productName = WeatherTrainingTests;
			productReference = 8078708B269C7580008523BB /* WeatherTrainingTests.xctest */;
			productType = "com.apple.product-type.bundle.unit-test";
		};
		80787095269C7580008523BB /* WeatherTrainingUITests */ = {
			isa = PBXNativeTarget;
			buildConfigurationList = 807870A5269C7580008523BB /* Build configuration list for PBXNativeTarget "WeatherTrainingUITests" */;
			buildPhases = (
				80787092269C7580008523BB /* Sources */,
				80787093269C7580008523BB /* Frameworks */,
				80787094269C7580008523BB /* Resources */,
			);
			buildRules = (
			);
			dependencies = (
				80787098269C7580008523BB /* PBXTargetDependency */,
			);
			name = WeatherTrainingUITests;
			productName = WeatherTrainingUITests;
			productReference = 80787096269C7580008523BB /* WeatherTrainingUITests.xctest */;
			productType = "com.apple.product-type.bundle.ui-testing";
		};
/* End PBXNativeTarget section */

/* Begin PBXProject section */
		8078706D269C757E008523BB /* Project object */ = {
			isa = PBXProject;
			attributes = {
				LastSwiftUpdateCheck = 1250;
				LastUpgradeCheck = 1250;
				TargetAttributes = {
					80787074269C757E008523BB = {
						CreatedOnToolsVersion = 12.5.1;
					};
					8078708A269C7580008523BB = {
						CreatedOnToolsVersion = 12.5.1;
						TestTargetID = 80787074269C757E008523BB;
					};
					80787095269C7580008523BB = {
						CreatedOnToolsVersion = 12.5.1;
						TestTargetID = 80787074269C757E008523BB;
					};
				};
			};
			buildConfigurationList = 80787070269C757E008523BB /* Build configuration list for PBXProject "WeatherTraining" */;
			compatibilityVersion = "Xcode 9.3";
			developmentRegion = en;
			hasScannedForEncodings = 0;
			knownRegions = (
				en,
				Base,
			);
			mainGroup = 8078706C269C757E008523BB;
			productRefGroup = 80787076269C757E008523BB /* Products */;
			projectDirPath = "";
			projectRoot = "";
			targets = (
				80787074269C757E008523BB /* WeatherTraining */,
				8078708A269C7580008523BB /* WeatherTrainingTests */,
				80787095269C7580008523BB /* WeatherTrainingUITests */,
			);
		};
/* End PBXProject section */

/* Begin PBXResourcesBuildPhase section */
		80787073269C757E008523BB /* Resources */ = {
			isa = PBXResourcesBuildPhase;
			buildActionMask = 2147483647;
			files = (
				80787085269C7580008523BB /* LaunchScreen.storyboard in Resources */,
				80E73ABC26A6D557007A8FFF /* CitiesTableViewFooter.xib in Resources */,
				80E73AE626AABDFF007A8FFF /* CurrentDayCollectionViewCell.xib in Resources */,
				80787082269C7580008523BB /* Assets.xcassets in Resources */,
				80E73A9A26A58326007A8FFF /* CityTableViewCell.xib in Resources */,
				80E73AD926A97765007A8FFF /* Detailed.storyboard in Resources */,
				80787080269C757E008523BB /* Main.storyboard in Resources */,
				80E73AEA26AB0212007A8FFF /* NextDayTableViewCell.xib in Resources */,
				80E73AC826A825CC007A8FFF /* SearchTableViewCell.xib in Resources */,
			);
			runOnlyForDeploymentPostprocessing = 0;
		};
		80787089269C7580008523BB /* Resources */ = {
			isa = PBXResourcesBuildPhase;
			buildActionMask = 2147483647;
			files = (
			);
			runOnlyForDeploymentPostprocessing = 0;
		};
		80787094269C7580008523BB /* Resources */ = {
			isa = PBXResourcesBuildPhase;
			buildActionMask = 2147483647;
			files = (
			);
			runOnlyForDeploymentPostprocessing = 0;
		};
/* End PBXResourcesBuildPhase section */

/* Begin PBXShellScriptBuildPhase section */
		93F00827224250258D3B2112 /* [CP] Embed Pods Frameworks */ = {
			isa = PBXShellScriptBuildPhase;
			buildActionMask = 2147483647;
			files = (
			);
			inputFileListPaths = (
				"${PODS_ROOT}/Target Support Files/Pods-WeatherTraining/Pods-WeatherTraining-frameworks-${CONFIGURATION}-input-files.xcfilelist",
			);
			name = "[CP] Embed Pods Frameworks";
			outputFileListPaths = (
				"${PODS_ROOT}/Target Support Files/Pods-WeatherTraining/Pods-WeatherTraining-frameworks-${CONFIGURATION}-output-files.xcfilelist",
			);
			runOnlyForDeploymentPostprocessing = 0;
			shellPath = /bin/sh;
			shellScript = "\"${PODS_ROOT}/Target Support Files/Pods-WeatherTraining/Pods-WeatherTraining-frameworks.sh\"\n";
			showEnvVarsInLog = 0;
		};
		E28516FE1C258035EE757B7D /* [CP] Check Pods Manifest.lock */ = {
			isa = PBXShellScriptBuildPhase;
			buildActionMask = 2147483647;
			files = (
			);
			inputFileListPaths = (
			);
			inputPaths = (
				"${PODS_PODFILE_DIR_PATH}/Podfile.lock",
				"${PODS_ROOT}/Manifest.lock",
			);
			name = "[CP] Check Pods Manifest.lock";
			outputFileListPaths = (
			);
			outputPaths = (
				"$(DERIVED_FILE_DIR)/Pods-WeatherTraining-checkManifestLockResult.txt",
			);
			runOnlyForDeploymentPostprocessing = 0;
			shellPath = /bin/sh;
			shellScript = "diff \"${PODS_PODFILE_DIR_PATH}/Podfile.lock\" \"${PODS_ROOT}/Manifest.lock\" > /dev/null\nif [ $? != 0 ] ; then\n    # print error to STDERR\n    echo \"error: The sandbox is not in sync with the Podfile.lock. Run 'pod install' or update your CocoaPods installation.\" >&2\n    exit 1\nfi\n# This output is used by Xcode 'outputs' to avoid re-running this script phase.\necho \"SUCCESS\" > \"${SCRIPT_OUTPUT_FILE_0}\"\n";
			showEnvVarsInLog = 0;
		};
/* End PBXShellScriptBuildPhase section */

/* Begin PBXSourcesBuildPhase section */
		80787071269C757E008523BB /* Sources */ = {
			isa = PBXSourcesBuildPhase;
			buildActionMask = 2147483647;
			files = (
				807870AA269C8DE2008523BB /* ApiManager.swift in Sources */,
				80E73AB226A5C84D007A8FFF /* CitiesViewController.swift in Sources */,
				80E73AD326A96B7F007A8FFF /* UserDefaultsManager.swift in Sources */,
				80E73AAD26A5C1ED007A8FFF /* WeatherPreview.swift in Sources */,
				80E73ADF26A97805007A8FFF /* DetailedForecastViewController.swift in Sources */,
				80E73ACB26A825FA007A8FFF /* SearchTableVieCell.swift in Sources */,
				80E73A9F26A5AA9D007A8FFF /* City.swift in Sources */,
				80E73AC226A6F45F007A8FFF /* UIView+Extension.swift in Sources */,
				80E73A9C26A5A52B007A8FFF /* CityTableViewCell.swift in Sources */,
				80E73AC626A815F0007A8FFF /* SearchViewController.swift in Sources */,
				80E73AD126A96A7D007A8FFF /* CitiesManager.swift in Sources */,
				80E73AAA26A5B802007A8FFF /* Date+Extension.swift in Sources */,
				80787079269C757E008523BB /* AppDelegate.swift in Sources */,
				8078707B269C757E008523BB /* SceneDelegate.swift in Sources */,
				80E73ADD26A977C1007A8FFF /* DetailedForecastContainerViewController.swift in Sources */,
				80E73AE826AABF47007A8FFF /* CurrentDayCollectionViewCell.swift in Sources */,
				80E73AEC26AB0963007A8FFF /* NextDayTableViewCell.swift in Sources */,
				80E73ACF26A9658F007A8FFF /* UserDefaults+Extension.swift in Sources */,
				80E73ABE26A6EB0D007A8FFF /* CitiesTableViewFooter.swift in Sources */,
			);
			runOnlyForDeploymentPostprocessing = 0;
		};
		80787087269C7580008523BB /* Sources */ = {
			isa = PBXSourcesBuildPhase;
			buildActionMask = 2147483647;
			files = (
				80787090269C7580008523BB /* WeatherTrainingTests.swift in Sources */,
			);
			runOnlyForDeploymentPostprocessing = 0;
		};
		80787092269C7580008523BB /* Sources */ = {
			isa = PBXSourcesBuildPhase;
			buildActionMask = 2147483647;
			files = (
				8078709B269C7580008523BB /* WeatherTrainingUITests.swift in Sources */,
			);
			runOnlyForDeploymentPostprocessing = 0;
		};
/* End PBXSourcesBuildPhase section */

/* Begin PBXTargetDependency section */
		8078708D269C7580008523BB /* PBXTargetDependency */ = {
			isa = PBXTargetDependency;
			target = 80787074269C757E008523BB /* WeatherTraining */;
			targetProxy = 8078708C269C7580008523BB /* PBXContainerItemProxy */;
		};
		80787098269C7580008523BB /* PBXTargetDependency */ = {
			isa = PBXTargetDependency;
			target = 80787074269C757E008523BB /* WeatherTraining */;
			targetProxy = 80787097269C7580008523BB /* PBXContainerItemProxy */;
		};
/* End PBXTargetDependency section */

/* Begin PBXVariantGroup section */
		8078707E269C757E008523BB /* Main.storyboard */ = {
			isa = PBXVariantGroup;
			children = (
				8078707F269C757E008523BB /* Base */,
			);
			name = Main.storyboard;
			sourceTree = "<group>";
		};
		80787083269C7580008523BB /* LaunchScreen.storyboard */ = {
			isa = PBXVariantGroup;
			children = (
				80787084269C7580008523BB /* Base */,
			);
			name = LaunchScreen.storyboard;
			sourceTree = "<group>";
		};
/* End PBXVariantGroup section */

/* Begin XCBuildConfiguration section */
		8078709D269C7580008523BB /* Debug */ = {
			isa = XCBuildConfiguration;
			buildSettings = {
				ALWAYS_SEARCH_USER_PATHS = NO;
				CLANG_ANALYZER_NONNULL = YES;
				CLANG_ANALYZER_NUMBER_OBJECT_CONVERSION = YES_AGGRESSIVE;
				CLANG_CXX_LANGUAGE_STANDARD = "gnu++14";
				CLANG_CXX_LIBRARY = "libc++";
				CLANG_ENABLE_MODULES = YES;
				CLANG_ENABLE_OBJC_ARC = YES;
				CLANG_ENABLE_OBJC_WEAK = YES;
				CLANG_WARN_BLOCK_CAPTURE_AUTORELEASING = YES;
				CLANG_WARN_BOOL_CONVERSION = YES;
				CLANG_WARN_COMMA = YES;
				CLANG_WARN_CONSTANT_CONVERSION = YES;
				CLANG_WARN_DEPRECATED_OBJC_IMPLEMENTATIONS = YES;
				CLANG_WARN_DIRECT_OBJC_ISA_USAGE = YES_ERROR;
				CLANG_WARN_DOCUMENTATION_COMMENTS = YES;
				CLANG_WARN_EMPTY_BODY = YES;
				CLANG_WARN_ENUM_CONVERSION = YES;
				CLANG_WARN_INFINITE_RECURSION = YES;
				CLANG_WARN_INT_CONVERSION = YES;
				CLANG_WARN_NON_LITERAL_NULL_CONVERSION = YES;
				CLANG_WARN_OBJC_IMPLICIT_RETAIN_SELF = YES;
				CLANG_WARN_OBJC_LITERAL_CONVERSION = YES;
				CLANG_WARN_OBJC_ROOT_CLASS = YES_ERROR;
				CLANG_WARN_QUOTED_INCLUDE_IN_FRAMEWORK_HEADER = YES;
				CLANG_WARN_RANGE_LOOP_ANALYSIS = YES;
				CLANG_WARN_STRICT_PROTOTYPES = YES;
				CLANG_WARN_SUSPICIOUS_MOVE = YES;
				CLANG_WARN_UNGUARDED_AVAILABILITY = YES_AGGRESSIVE;
				CLANG_WARN_UNREACHABLE_CODE = YES;
				CLANG_WARN__DUPLICATE_METHOD_MATCH = YES;
				COPY_PHASE_STRIP = NO;
				DEBUG_INFORMATION_FORMAT = dwarf;
				ENABLE_STRICT_OBJC_MSGSEND = YES;
				ENABLE_TESTABILITY = YES;
				GCC_C_LANGUAGE_STANDARD = gnu11;
				GCC_DYNAMIC_NO_PIC = NO;
				GCC_NO_COMMON_BLOCKS = YES;
				GCC_OPTIMIZATION_LEVEL = 0;
				GCC_PREPROCESSOR_DEFINITIONS = (
					"DEBUG=1",
					"$(inherited)",
				);
				GCC_WARN_64_TO_32_BIT_CONVERSION = YES;
				GCC_WARN_ABOUT_RETURN_TYPE = YES_ERROR;
				GCC_WARN_UNDECLARED_SELECTOR = YES;
				GCC_WARN_UNINITIALIZED_AUTOS = YES_AGGRESSIVE;
				GCC_WARN_UNUSED_FUNCTION = YES;
				GCC_WARN_UNUSED_VARIABLE = YES;
				IPHONEOS_DEPLOYMENT_TARGET = 14.5;
				MTL_ENABLE_DEBUG_INFO = INCLUDE_SOURCE;
				MTL_FAST_MATH = YES;
				ONLY_ACTIVE_ARCH = YES;
				SDKROOT = iphoneos;
				SWIFT_ACTIVE_COMPILATION_CONDITIONS = DEBUG;
				SWIFT_OPTIMIZATION_LEVEL = "-Onone";
			};
			name = Debug;
		};
		8078709E269C7580008523BB /* Release */ = {
			isa = XCBuildConfiguration;
			buildSettings = {
				ALWAYS_SEARCH_USER_PATHS = NO;
				CLANG_ANALYZER_NONNULL = YES;
				CLANG_ANALYZER_NUMBER_OBJECT_CONVERSION = YES_AGGRESSIVE;
				CLANG_CXX_LANGUAGE_STANDARD = "gnu++14";
				CLANG_CXX_LIBRARY = "libc++";
				CLANG_ENABLE_MODULES = YES;
				CLANG_ENABLE_OBJC_ARC = YES;
				CLANG_ENABLE_OBJC_WEAK = YES;
				CLANG_WARN_BLOCK_CAPTURE_AUTORELEASING = YES;
				CLANG_WARN_BOOL_CONVERSION = YES;
				CLANG_WARN_COMMA = YES;
				CLANG_WARN_CONSTANT_CONVERSION = YES;
				CLANG_WARN_DEPRECATED_OBJC_IMPLEMENTATIONS = YES;
				CLANG_WARN_DIRECT_OBJC_ISA_USAGE = YES_ERROR;
				CLANG_WARN_DOCUMENTATION_COMMENTS = YES;
				CLANG_WARN_EMPTY_BODY = YES;
				CLANG_WARN_ENUM_CONVERSION = YES;
				CLANG_WARN_INFINITE_RECURSION = YES;
				CLANG_WARN_INT_CONVERSION = YES;
				CLANG_WARN_NON_LITERAL_NULL_CONVERSION = YES;
				CLANG_WARN_OBJC_IMPLICIT_RETAIN_SELF = YES;
				CLANG_WARN_OBJC_LITERAL_CONVERSION = YES;
				CLANG_WARN_OBJC_ROOT_CLASS = YES_ERROR;
				CLANG_WARN_QUOTED_INCLUDE_IN_FRAMEWORK_HEADER = YES;
				CLANG_WARN_RANGE_LOOP_ANALYSIS = YES;
				CLANG_WARN_STRICT_PROTOTYPES = YES;
				CLANG_WARN_SUSPICIOUS_MOVE = YES;
				CLANG_WARN_UNGUARDED_AVAILABILITY = YES_AGGRESSIVE;
				CLANG_WARN_UNREACHABLE_CODE = YES;
				CLANG_WARN__DUPLICATE_METHOD_MATCH = YES;
				COPY_PHASE_STRIP = NO;
				DEBUG_INFORMATION_FORMAT = "dwarf-with-dsym";
				ENABLE_NS_ASSERTIONS = NO;
				ENABLE_STRICT_OBJC_MSGSEND = YES;
				GCC_C_LANGUAGE_STANDARD = gnu11;
				GCC_NO_COMMON_BLOCKS = YES;
				GCC_WARN_64_TO_32_BIT_CONVERSION = YES;
				GCC_WARN_ABOUT_RETURN_TYPE = YES_ERROR;
				GCC_WARN_UNDECLARED_SELECTOR = YES;
				GCC_WARN_UNINITIALIZED_AUTOS = YES_AGGRESSIVE;
				GCC_WARN_UNUSED_FUNCTION = YES;
				GCC_WARN_UNUSED_VARIABLE = YES;
				IPHONEOS_DEPLOYMENT_TARGET = 14.5;
				MTL_ENABLE_DEBUG_INFO = NO;
				MTL_FAST_MATH = YES;
				SDKROOT = iphoneos;
				SWIFT_COMPILATION_MODE = wholemodule;
				SWIFT_OPTIMIZATION_LEVEL = "-O";
				VALIDATE_PRODUCT = YES;
			};
			name = Release;
		};
		807870A0269C7580008523BB /* Debug */ = {
			isa = XCBuildConfiguration;
			baseConfigurationReference = 0A43BC20900C09655FA9C5AE /* Pods-WeatherTraining.debug.xcconfig */;
			buildSettings = {
				ASSETCATALOG_COMPILER_APPICON_NAME = AppIcon;
				ASSETCATALOG_COMPILER_GLOBAL_ACCENT_COLOR_NAME = AccentColor;
				CODE_SIGN_STYLE = Automatic;
				DEVELOPMENT_TEAM = 3THLJ9Q4ZB;
				INFOPLIST_FILE = WeatherTraining/Info.plist;
				LD_RUNPATH_SEARCH_PATHS = (
					"$(inherited)",
					"@executable_path/Frameworks",
				);
				PRODUCT_BUNDLE_IDENTIFIER = weather.training.WeatherTraining;
				PRODUCT_NAME = "$(TARGET_NAME)";
				SWIFT_VERSION = 5.0;
				TARGETED_DEVICE_FAMILY = "1,2";
			};
			name = Debug;
		};
		807870A1269C7580008523BB /* Release */ = {
			isa = XCBuildConfiguration;
			baseConfigurationReference = 027425898A5A70CD5878999C /* Pods-WeatherTraining.release.xcconfig */;
			buildSettings = {
				ASSETCATALOG_COMPILER_APPICON_NAME = AppIcon;
				ASSETCATALOG_COMPILER_GLOBAL_ACCENT_COLOR_NAME = AccentColor;
				CODE_SIGN_STYLE = Automatic;
				DEVELOPMENT_TEAM = 3THLJ9Q4ZB;
				INFOPLIST_FILE = WeatherTraining/Info.plist;
				LD_RUNPATH_SEARCH_PATHS = (
					"$(inherited)",
					"@executable_path/Frameworks",
				);
				PRODUCT_BUNDLE_IDENTIFIER = weather.training.WeatherTraining;
				PRODUCT_NAME = "$(TARGET_NAME)";
				SWIFT_VERSION = 5.0;
				TARGETED_DEVICE_FAMILY = "1,2";
			};
			name = Release;
		};
		807870A3269C7580008523BB /* Debug */ = {
			isa = XCBuildConfiguration;
			buildSettings = {
				ALWAYS_EMBED_SWIFT_STANDARD_LIBRARIES = YES;
				BUNDLE_LOADER = "$(TEST_HOST)";
				CODE_SIGN_STYLE = Automatic;
				DEVELOPMENT_TEAM = 3THLJ9Q4ZB;
				INFOPLIST_FILE = WeatherTrainingTests/Info.plist;
				IPHONEOS_DEPLOYMENT_TARGET = 14.5;
				LD_RUNPATH_SEARCH_PATHS = (
					"$(inherited)",
					"@executable_path/Frameworks",
					"@loader_path/Frameworks",
				);
				PRODUCT_BUNDLE_IDENTIFIER = weather.training.WeatherTrainingTests;
				PRODUCT_NAME = "$(TARGET_NAME)";
				SWIFT_VERSION = 5.0;
				TARGETED_DEVICE_FAMILY = "1,2";
				TEST_HOST = "$(BUILT_PRODUCTS_DIR)/WeatherTraining.app/WeatherTraining";
			};
			name = Debug;
		};
		807870A4269C7580008523BB /* Release */ = {
			isa = XCBuildConfiguration;
			buildSettings = {
				ALWAYS_EMBED_SWIFT_STANDARD_LIBRARIES = YES;
				BUNDLE_LOADER = "$(TEST_HOST)";
				CODE_SIGN_STYLE = Automatic;
				DEVELOPMENT_TEAM = 3THLJ9Q4ZB;
				INFOPLIST_FILE = WeatherTrainingTests/Info.plist;
				IPHONEOS_DEPLOYMENT_TARGET = 14.5;
				LD_RUNPATH_SEARCH_PATHS = (
					"$(inherited)",
					"@executable_path/Frameworks",
					"@loader_path/Frameworks",
				);
				PRODUCT_BUNDLE_IDENTIFIER = weather.training.WeatherTrainingTests;
				PRODUCT_NAME = "$(TARGET_NAME)";
				SWIFT_VERSION = 5.0;
				TARGETED_DEVICE_FAMILY = "1,2";
				TEST_HOST = "$(BUILT_PRODUCTS_DIR)/WeatherTraining.app/WeatherTraining";
			};
			name = Release;
		};
		807870A6269C7580008523BB /* Debug */ = {
			isa = XCBuildConfiguration;
			buildSettings = {
				ALWAYS_EMBED_SWIFT_STANDARD_LIBRARIES = YES;
				CODE_SIGN_STYLE = Automatic;
				DEVELOPMENT_TEAM = 3THLJ9Q4ZB;
				INFOPLIST_FILE = WeatherTrainingUITests/Info.plist;
				LD_RUNPATH_SEARCH_PATHS = (
					"$(inherited)",
					"@executable_path/Frameworks",
					"@loader_path/Frameworks",
				);
				PRODUCT_BUNDLE_IDENTIFIER = weather.training.WeatherTrainingUITests;
				PRODUCT_NAME = "$(TARGET_NAME)";
				SWIFT_VERSION = 5.0;
				TARGETED_DEVICE_FAMILY = "1,2";
				TEST_TARGET_NAME = WeatherTraining;
			};
			name = Debug;
		};
		807870A7269C7580008523BB /* Release */ = {
			isa = XCBuildConfiguration;
			buildSettings = {
				ALWAYS_EMBED_SWIFT_STANDARD_LIBRARIES = YES;
				CODE_SIGN_STYLE = Automatic;
				DEVELOPMENT_TEAM = 3THLJ9Q4ZB;
				INFOPLIST_FILE = WeatherTrainingUITests/Info.plist;
				LD_RUNPATH_SEARCH_PATHS = (
					"$(inherited)",
					"@executable_path/Frameworks",
					"@loader_path/Frameworks",
				);
				PRODUCT_BUNDLE_IDENTIFIER = weather.training.WeatherTrainingUITests;
				PRODUCT_NAME = "$(TARGET_NAME)";
				SWIFT_VERSION = 5.0;
				TARGETED_DEVICE_FAMILY = "1,2";
				TEST_TARGET_NAME = WeatherTraining;
			};
			name = Release;
		};
/* End XCBuildConfiguration section */

/* Begin XCConfigurationList section */
		80787070269C757E008523BB /* Build configuration list for PBXProject "WeatherTraining" */ = {
			isa = XCConfigurationList;
			buildConfigurations = (
				8078709D269C7580008523BB /* Debug */,
				8078709E269C7580008523BB /* Release */,
			);
			defaultConfigurationIsVisible = 0;
			defaultConfigurationName = Release;
		};
		8078709F269C7580008523BB /* Build configuration list for PBXNativeTarget "WeatherTraining" */ = {
			isa = XCConfigurationList;
			buildConfigurations = (
				807870A0269C7580008523BB /* Debug */,
				807870A1269C7580008523BB /* Release */,
			);
			defaultConfigurationIsVisible = 0;
			defaultConfigurationName = Release;
		};
		807870A2269C7580008523BB /* Build configuration list for PBXNativeTarget "WeatherTrainingTests" */ = {
			isa = XCConfigurationList;
			buildConfigurations = (
				807870A3269C7580008523BB /* Debug */,
				807870A4269C7580008523BB /* Release */,
			);
			defaultConfigurationIsVisible = 0;
			defaultConfigurationName = Release;
		};
		807870A5269C7580008523BB /* Build configuration list for PBXNativeTarget "WeatherTrainingUITests" */ = {
			isa = XCConfigurationList;
			buildConfigurations = (
				807870A6269C7580008523BB /* Debug */,
				807870A7269C7580008523BB /* Release */,
			);
			defaultConfigurationIsVisible = 0;
			defaultConfigurationName = Release;
		};
/* End XCConfigurationList section */
	};
	rootObject = 8078706D269C757E008523BB /* Project object */;
}
